{
  "name": "arewestillfundingputinswar",
  "lockfileVersion": 2,
  "requires": true,
  "packages": {
    "": {
      "dependencies": {
        "@picocss/pico": "^1.4.4",
        "moment": "^2.29.1",
        "reset-css": "^5.0.1"
      }
    },
    "node_modules/@picocss/pico": {
      "version": "1.4.4",
      "resolved": "https://registry.npmjs.org/@picocss/pico/-/pico-1.4.4.tgz",
      "integrity": "sha512-MuL4MOY1Tugf91N06mhYETVqMiNeT9gObMJ0WNrnbSGBw61gsqXzn7ScjXvVpnQmFC8DP13mluzz1s+ogpiuEQ=="
    },
    "node_modules/moment": {
      "version": "2.29.1",
      "resolved": "https://registry.npmjs.org/moment/-/moment-2.29.1.tgz",
      "integrity": "sha512-kHmoybcPV8Sqy59DwNDY3Jefr64lK/by/da0ViFcuA4DH0vQg5Q6Ze5VimxkfQNSC+Mls/Kx53s7TjP1RhFEDQ==",
      "engines": {
        "node": "*"
      }
    },
    "node_modules/reset-css": {
      "version": "5.0.1",
      "resolved": "https://registry.npmjs.org/reset-css/-/reset-css-5.0.1.tgz",
      "integrity": "sha512-VyuJdNFfp5x/W6e5wauJM59C02Vs0P22sxzZGhQMPaqu/NGTeFxlBFOOw3eq9vQd19gIDdZp7zi89ylyKOJ33Q=="
    }
  },
  "dependencies": {
    "@picocss/pico": {
      "version": "1.4.4",
      "resolved": "https://registry.npmjs.org/@picocss/pico/-/pico-1.4.4.tgz",
      "integrity": "sha512-MuL4MOY1Tugf91N06mhYETVqMiNeT9gObMJ0WNrnbSGBw61gsqXzn7ScjXvVpnQmFC8DP13mluzz1s+ogpiuEQ=="
    },
    "moment": {
      "version": "2.29.1",
      "resolved": "https://registry.npmjs.org/moment/-/moment-2.29.1.tgz",
      "integrity": "sha512-kHmoybcPV8Sqy59DwNDY3Jefr64lK/by/da0ViFcuA4DH0vQg5Q6Ze5VimxkfQNSC+Mls/Kx53s7TjP1RhFEDQ=="
    },
    "reset-css": {
      "version": "5.0.1",
      "resolved": "https://registry.npmjs.org/reset-css/-/reset-css-5.0.1.tgz",
      "integrity": "sha512-VyuJdNFfp5x/W6e5wauJM59C02Vs0P22sxzZGhQMPaqu/NGTeFxlBFOOw3eq9vQd19gIDdZp7zi89ylyKOJ33Q=="
    }
  }
}
